
Microsoft Visual Studio Solution File, Format Version 12.00
# Visual Studio 15
VisualStudioVersion = 15.0.26430.12
MinimumVisualStudioVersion = 10.0.40219.1
Project("{FAE04EC0-301F-11D3-BF4B-00C04F79EFBC}") = "Producer", "Producer\Producer.csproj", "{84C7B468-DE59-4F80-AA46-B6DBAD96142A}"
EndProject
Project("{9A19103F-16F7-4668-BE54-9A1E7A4F7556}") = "AsyncProcessingAutoCommitConsumer", "AsyncProcessingAutoCommitConsumer\AsyncProcessingAutoCommitConsumer.csproj", "{DF27A25A-B50D-45FB-AD03-ED10AB23CE88}"
EndProject
Project("{9A19103F-16F7-4668-BE54-9A1E7A4F7556}") = "DataAccess", "DataAccess\DataAccess.csproj", "{6DABE286-A065-47A1-A45D-8C7AE60FDD95}"
EndProject
Project("{9A19103F-16F7-4668-BE54-9A1E7A4F7556}") = "Business", "Business\Business.csproj", "{356AB2CC-2CF3-452D-A86E-565DF6C45E5E}"
EndProject
Project("{9A19103F-16F7-4668-BE54-9A1E7A4F7556}") = "SyncProcessingSyncCommitConsumer", "SyncProcessingSyncCommitConsumer\SyncProcessingSyncCommitConsumer.csproj", "{609F2BC1-C037-44D5-AD86-697AFB63E405}"
EndProject
Project("{9A19103F-16F7-4668-BE54-9A1E7A4F7556}") = "NonBlockingIoSyncProcessingSyncCommitConsumer", "NonBlockingIoSyncProcessingSyncCommitConsumer\NonBlockingIoSyncProcessingSyncCommitConsumer.csproj", "{3800B9C3-471D-4A3F-9C23-2217419F9BAD}"
EndProject
Project("{9A19103F-16F7-4668-BE54-9A1E7A4F7556}") = "ChunkedPollAsyncProcessingAutoCommitConsumer", "ChunkedPollAsyncProcessingAutoCommitConsumer\ChunkedPollAsyncProcessingAutoCommitConsumer.csproj", "{20D3B9DC-BC42-440F-94F6-7CE2B2268BF4}"
EndProject
Project("{9A19103F-16F7-4668-BE54-9A1E7A4F7556}") = "AnotherChunkedPollAsyncProcessingAutoCommitConsumer", "AnotherChunkedPollAsyncProcessingAutoCommitConsumer\AnotherChunkedPollAsyncProcessingAutoCommitConsumer.csproj", "{1DDC7F3B-F60C-48A8-9556-8CE41E385CF9}"
EndProject
Project("{9A19103F-16F7-4668-BE54-9A1E7A4F7556}") = "ChunkedPollAsyncProcessingAsyncCommitConsumer", "ChunkedPollAsyncProcessingAsyncCommitConsumer\ChunkedPollAsyncProcessingAsyncCommitConsumer.csproj", "{32D61D3A-E457-47FA-A5F4-3922D4A8DF6C}"
EndProject
Project("{2150E333-8FDC-42A3-9474-1A3956D46DE8}") = "_results", "_results", "{FC2C8020-90E4-4C72-880A-F8FBA89B08E5}"
	ProjectSection(SolutionItems) = preProject
		_results\Results.xlsx = _results\Results.xlsx
	EndProjectSection
EndProject
Project("{9A19103F-16F7-4668-BE54-9A1E7A4F7556}") = "Orchestrator", "Orchestrator\Orchestrator.csproj", "{474F69EF-F6CC-4F60-989C-361894E20CC6}"
EndProject
Project("{9A19103F-16F7-4668-BE54-9A1E7A4F7556}") = "ChunkedPollAsyncProcessingBatchSyncCommitConsumer", "ChunkedPollAsyncProcessingBatchSyncCommitConsumer\ChunkedPollAsyncProcessingBatchSyncCommitConsumer.csproj", "{C6621F0C-E47D-4F30-9665-07F4083FDB6B}"
EndProject
Project("{2150E333-8FDC-42A3-9474-1A3956D46DE8}") = "_scripts", "_scripts", "{493E11C4-FAC7-431A-937C-A9611C9EA2F9}"
	ProjectSection(SolutionItems) = preProject
		_scripts\Consistency.sql = _scripts\Consistency.sql
		_scripts\Throughput.sql = _scripts\Throughput.sql
	EndProjectSection
EndProject
Project("{2150E333-8FDC-42A3-9474-1A3956D46DE8}") = "Consumers", "Consumers", "{6EF507CA-9F83-436A-80E3-562895763656}"
EndProject
Project("{9A19103F-16F7-4668-BE54-9A1E7A4F7556}") = "KafkaConsts", "KafkaConsts\KafkaConsts.csproj", "{32636005-4C4C-4791-ABF9-F73ABFFF1808}"
EndProject
Project("{9A19103F-16F7-4668-BE54-9A1E7A4F7556}") = "AnotherAsyncProcessingAutoCommitConsumer", "AnotherAsyncProcessingAutoCommitConsumer\AnotherAsyncProcessingAutoCommitConsumer.csproj", "{511F5511-84FC-474E-B564-C6B12526E358}"
EndProject
Project("{9A19103F-16F7-4668-BE54-9A1E7A4F7556}") = "YetAnotherChunkedPollAsyncProcessingAutoCommitConsumer", "YetAnotherChunkedPollAsyncProcessingAutoCommitConsumer\YetAnotherChunkedPollAsyncProcessingAutoCommitConsumer.csproj", "{0800C327-75AB-4227-9829-7EA699D44D35}"
EndProject
Global
	GlobalSection(SolutionConfigurationPlatforms) = preSolution
		Debug|Any CPU = Debug|Any CPU
		Release|Any CPU = Release|Any CPU
	EndGlobalSection
	GlobalSection(ProjectConfigurationPlatforms) = postSolution
		{84C7B468-DE59-4F80-AA46-B6DBAD96142A}.Debug|Any CPU.ActiveCfg = Debug|Any CPU
		{84C7B468-DE59-4F80-AA46-B6DBAD96142A}.Debug|Any CPU.Build.0 = Debug|Any CPU
		{84C7B468-DE59-4F80-AA46-B6DBAD96142A}.Release|Any CPU.ActiveCfg = Release|Any CPU
		{84C7B468-DE59-4F80-AA46-B6DBAD96142A}.Release|Any CPU.Build.0 = Release|Any CPU
		{DF27A25A-B50D-45FB-AD03-ED10AB23CE88}.Debug|Any CPU.ActiveCfg = Debug|Any CPU
		{DF27A25A-B50D-45FB-AD03-ED10AB23CE88}.Debug|Any CPU.Build.0 = Debug|Any CPU
		{DF27A25A-B50D-45FB-AD03-ED10AB23CE88}.Release|Any CPU.ActiveCfg = Release|Any CPU
		{DF27A25A-B50D-45FB-AD03-ED10AB23CE88}.Release|Any CPU.Build.0 = Release|Any CPU
		{6DABE286-A065-47A1-A45D-8C7AE60FDD95}.Debug|Any CPU.ActiveCfg = Debug|Any CPU
		{6DABE286-A065-47A1-A45D-8C7AE60FDD95}.Debug|Any CPU.Build.0 = Debug|Any CPU
		{6DABE286-A065-47A1-A45D-8C7AE60FDD95}.Release|Any CPU.ActiveCfg = Release|Any CPU
		{6DABE286-A065-47A1-A45D-8C7AE60FDD95}.Release|Any CPU.Build.0 = Release|Any CPU
		{356AB2CC-2CF3-452D-A86E-565DF6C45E5E}.Debug|Any CPU.ActiveCfg = Debug|Any CPU
		{356AB2CC-2CF3-452D-A86E-565DF6C45E5E}.Debug|Any CPU.Build.0 = Debug|Any CPU
		{356AB2CC-2CF3-452D-A86E-565DF6C45E5E}.Release|Any CPU.ActiveCfg = Release|Any CPU
		{356AB2CC-2CF3-452D-A86E-565DF6C45E5E}.Release|Any CPU.Build.0 = Release|Any CPU
		{609F2BC1-C037-44D5-AD86-697AFB63E405}.Debug|Any CPU.ActiveCfg = Debug|Any CPU
		{609F2BC1-C037-44D5-AD86-697AFB63E405}.Debug|Any CPU.Build.0 = Debug|Any CPU
		{609F2BC1-C037-44D5-AD86-697AFB63E405}.Release|Any CPU.ActiveCfg = Release|Any CPU
		{609F2BC1-C037-44D5-AD86-697AFB63E405}.Release|Any CPU.Build.0 = Release|Any CPU
		{3800B9C3-471D-4A3F-9C23-2217419F9BAD}.Debug|Any CPU.ActiveCfg = Debug|Any CPU
		{3800B9C3-471D-4A3F-9C23-2217419F9BAD}.Debug|Any CPU.Build.0 = Debug|Any CPU
		{3800B9C3-471D-4A3F-9C23-2217419F9BAD}.Release|Any CPU.ActiveCfg = Release|Any CPU
		{3800B9C3-471D-4A3F-9C23-2217419F9BAD}.Release|Any CPU.Build.0 = Release|Any CPU
		{20D3B9DC-BC42-440F-94F6-7CE2B2268BF4}.Debug|Any CPU.ActiveCfg = Debug|Any CPU
		{20D3B9DC-BC42-440F-94F6-7CE2B2268BF4}.Debug|Any CPU.Build.0 = Debug|Any CPU
		{20D3B9DC-BC42-440F-94F6-7CE2B2268BF4}.Release|Any CPU.ActiveCfg = Release|Any CPU
		{20D3B9DC-BC42-440F-94F6-7CE2B2268BF4}.Release|Any CPU.Build.0 = Release|Any CPU
		{1DDC7F3B-F60C-48A8-9556-8CE41E385CF9}.Debug|Any CPU.ActiveCfg = Debug|Any CPU
		{1DDC7F3B-F60C-48A8-9556-8CE41E385CF9}.Debug|Any CPU.Build.0 = Debug|Any CPU
		{1DDC7F3B-F60C-48A8-9556-8CE41E385CF9}.Release|Any CPU.ActiveCfg = Release|Any CPU
		{1DDC7F3B-F60C-48A8-9556-8CE41E385CF9}.Release|Any CPU.Build.0 = Release|Any CPU
		{32D61D3A-E457-47FA-A5F4-3922D4A8DF6C}.Debug|Any CPU.ActiveCfg = Debug|Any CPU
		{32D61D3A-E457-47FA-A5F4-3922D4A8DF6C}.Debug|Any CPU.Build.0 = Debug|Any CPU
		{32D61D3A-E457-47FA-A5F4-3922D4A8DF6C}.Release|Any CPU.ActiveCfg = Release|Any CPU
		{32D61D3A-E457-47FA-A5F4-3922D4A8DF6C}.Release|Any CPU.Build.0 = Release|Any CPU
		{474F69EF-F6CC-4F60-989C-361894E20CC6}.Debug|Any CPU.ActiveCfg = Debug|Any CPU
		{474F69EF-F6CC-4F60-989C-361894E20CC6}.Debug|Any CPU.Build.0 = Debug|Any CPU
		{474F69EF-F6CC-4F60-989C-361894E20CC6}.Release|Any CPU.ActiveCfg = Release|Any CPU
		{474F69EF-F6CC-4F60-989C-361894E20CC6}.Release|Any CPU.Build.0 = Release|Any CPU
		{C6621F0C-E47D-4F30-9665-07F4083FDB6B}.Debug|Any CPU.ActiveCfg = Debug|Any CPU
		{C6621F0C-E47D-4F30-9665-07F4083FDB6B}.Debug|Any CPU.Build.0 = Debug|Any CPU
		{C6621F0C-E47D-4F30-9665-07F4083FDB6B}.Release|Any CPU.ActiveCfg = Release|Any CPU
		{C6621F0C-E47D-4F30-9665-07F4083FDB6B}.Release|Any CPU.Build.0 = Release|Any CPU
		{32636005-4C4C-4791-ABF9-F73ABFFF1808}.Debug|Any CPU.ActiveCfg = Debug|Any CPU
		{32636005-4C4C-4791-ABF9-F73ABFFF1808}.Debug|Any CPU.Build.0 = Debug|Any CPU
		{32636005-4C4C-4791-ABF9-F73ABFFF1808}.Release|Any CPU.ActiveCfg = Release|Any CPU
		{32636005-4C4C-4791-ABF9-F73ABFFF1808}.Release|Any CPU.Build.0 = Release|Any CPU
		{511F5511-84FC-474E-B564-C6B12526E358}.Debug|Any CPU.ActiveCfg = Debug|Any CPU
		{511F5511-84FC-474E-B564-C6B12526E358}.Debug|Any CPU.Build.0 = Debug|Any CPU
		{511F5511-84FC-474E-B564-C6B12526E358}.Release|Any CPU.ActiveCfg = Release|Any CPU
		{511F5511-84FC-474E-B564-C6B12526E358}.Release|Any CPU.Build.0 = Release|Any CPU
		{0800C327-75AB-4227-9829-7EA699D44D35}.Debug|Any CPU.ActiveCfg = Debug|Any CPU
		{0800C327-75AB-4227-9829-7EA699D44D35}.Debug|Any CPU.Build.0 = Debug|Any CPU
		{0800C327-75AB-4227-9829-7EA699D44D35}.Release|Any CPU.ActiveCfg = Release|Any CPU
		{0800C327-75AB-4227-9829-7EA699D44D35}.Release|Any CPU.Build.0 = Release|Any CPU
	EndGlobalSection
	GlobalSection(SolutionProperties) = preSolution
		HideSolutionNode = FALSE
	EndGlobalSection
	GlobalSection(NestedProjects) = preSolution
		{DF27A25A-B50D-45FB-AD03-ED10AB23CE88} = {6EF507CA-9F83-436A-80E3-562895763656}
		{609F2BC1-C037-44D5-AD86-697AFB63E405} = {6EF507CA-9F83-436A-80E3-562895763656}
		{3800B9C3-471D-4A3F-9C23-2217419F9BAD} = {6EF507CA-9F83-436A-80E3-562895763656}
		{20D3B9DC-BC42-440F-94F6-7CE2B2268BF4} = {6EF507CA-9F83-436A-80E3-562895763656}
		{1DDC7F3B-F60C-48A8-9556-8CE41E385CF9} = {6EF507CA-9F83-436A-80E3-562895763656}
		{32D61D3A-E457-47FA-A5F4-3922D4A8DF6C} = {6EF507CA-9F83-436A-80E3-562895763656}
		{C6621F0C-E47D-4F30-9665-07F4083FDB6B} = {6EF507CA-9F83-436A-80E3-562895763656}
		{511F5511-84FC-474E-B564-C6B12526E358} = {6EF507CA-9F83-436A-80E3-562895763656}
		{0800C327-75AB-4227-9829-7EA699D44D35} = {6EF507CA-9F83-436A-80E3-562895763656}
	EndGlobalSection
EndGlobal
